
Microsoft Visual Studio Solution File, Format Version 12.00
# Visual Studio Version 17
VisualStudioVersion = 17.11.35327.3
MinimumVisualStudioVersion = 10.0.40219.1
Project("{FAE04EC0-301F-11D3-BF4B-00C04F79EFBC}") = "SIRCADE.Notifications.Worker", "SIRCADE.Notifications.Worker\SIRCADE.Notifications.Worker.csproj", "{0C628DA5-94D7-47ED-8A42-55833952BF9E}"
EndProject
Project("{9A19103F-16F7-4668-BE54-9A1E7A4F7556}") = "SIRCADE.ApiCore.Models", "..\SIRCADE.ApiCore.Controllers\SIRCADE.ApiCore.Models\SIRCADE.ApiCore.Models.csproj", "{6F3F9F27-4078-4F44-ABC7-C050F012498C}"
EndProject
Global
	GlobalSection(SolutionConfigurationPlatforms) = preSolution
		Debug|Any CPU = Debug|Any CPU
		Release|Any CPU = Release|Any CPU
	EndGlobalSection
	GlobalSection(ProjectConfigurationPlatforms) = postSolution
		{0C628DA5-94D7-47ED-8A42-55833952BF9E}.Debug|Any CPU.ActiveCfg = Debug|Any CPU
		{0C628DA5-94D7-47ED-8A42-55833952BF9E}.Debug|Any CPU.Build.0 = Debug|Any CPU
		{0C628DA5-94D7-47ED-8A42-55833952BF9E}.Release|Any CPU.ActiveCfg = Release|Any CPU
		{0C628DA5-94D7-47ED-8A42-55833952BF9E}.Release|Any CPU.Build.0 = Release|Any CPU
		{6F3F9F27-4078-4F44-ABC7-C050F012498C}.Debug|Any CPU.ActiveCfg = Debug|Any CPU
		{6F3F9F27-4078-4F44-ABC7-C050F012498C}.Debug|Any CPU.Build.0 = Debug|Any CPU
		{6F3F9F27-4078-4F44-ABC7-C050F012498C}.Release|Any CPU.ActiveCfg = Release|Any CPU
		{6F3F9F27-4078-4F44-ABC7-C050F012498C}.Release|Any CPU.Build.0 = Release|Any CPU
	EndGlobalSection
	GlobalSection(SolutionProperties) = preSolution
		HideSolutionNode = FALSE
	EndGlobalSection
	GlobalSection(ExtensibilityGlobals) = postSolution
		SolutionGuid = {10180E19-8FE6-4D26-BD77-C3184F8B4A21}
	EndGlobalSection
EndGlobal
