
Microsoft Visual Studio Solution File, Format Version 12.00
# Visual Studio Version 17
VisualStudioVersion = 17.10.35027.167
MinimumVisualStudioVersion = 10.0.40219.1
Project("{FAE04EC0-301F-11D3-BF4B-00C04F79EFBC}") = "SIRCADE.ApiCore.Controllers", "SIRCADE.ApiCore.Controllers\SIRCADE.ApiCore.Controllers.csproj", "{D6EF7DE5-2A42-436E-9C2B-E71ECB20B931}"
EndProject
Project("{FAE04EC0-301F-11D3-BF4B-00C04F79EFBC}") = "SIRCADE.ApiCore.Models", "SIRCADE.ApiCore.Models\SIRCADE.ApiCore.Models.csproj", "{7B968108-4955-44C6-A921-974F9BDD131F}"
EndProject
Global
	GlobalSection(SolutionConfigurationPlatforms) = preSolution
		Debug|Any CPU = Debug|Any CPU
		Release|Any CPU = Release|Any CPU
	EndGlobalSection
	GlobalSection(ProjectConfigurationPlatforms) = postSolution
		{D6EF7DE5-2A42-436E-9C2B-E71ECB20B931}.Debug|Any CPU.ActiveCfg = Debug|Any CPU
		{D6EF7DE5-2A42-436E-9C2B-E71ECB20B931}.Debug|Any CPU.Build.0 = Debug|Any CPU
		{D6EF7DE5-2A42-436E-9C2B-E71ECB20B931}.Release|Any CPU.ActiveCfg = Release|Any CPU
		{D6EF7DE5-2A42-436E-9C2B-E71ECB20B931}.Release|Any CPU.Build.0 = Release|Any CPU
		{7B968108-4955-44C6-A921-974F9BDD131F}.Debug|Any CPU.ActiveCfg = Debug|Any CPU
		{7B968108-4955-44C6-A921-974F9BDD131F}.Debug|Any CPU.Build.0 = Debug|Any CPU
		{7B968108-4955-44C6-A921-974F9BDD131F}.Release|Any CPU.ActiveCfg = Release|Any CPU
		{7B968108-4955-44C6-A921-974F9BDD131F}.Release|Any CPU.Build.0 = Release|Any CPU
	EndGlobalSection
	GlobalSection(SolutionProperties) = preSolution
		HideSolutionNode = FALSE
	EndGlobalSection
	GlobalSection(ExtensibilityGlobals) = postSolution
		SolutionGuid = {3681DFD0-6A68-433F-A3E2-2F0AA2B24CE5}
	EndGlobalSection
EndGlobal
